
Microsoft Visual Studio Solution File, Format Version 12.00
# Visual Studio Version 17
VisualStudioVersion = 17.0.31903.59
MinimumVisualStudioVersion = 10.0.40219.1
Project("{2150E333-8FDC-42A3-9474-1A3956D46DE8}") = "Gateway", "Gateway", "{BFA7D1DA-3E19-4517-859E-8F3EC7816210}"
EndProject
Project("{FAE04EC0-301F-11D3-BF4B-00C04F79EFBC}") = "proj.Gateway", "Gateway\proj.Gateway\proj.Gateway.csproj", "{8B313B35-8354-4E20-9039-FC1710BE7438}"
EndProject
Project("{2150E333-8FDC-42A3-9474-1A3956D46DE8}") = "Presentation", "Presentation", "{3FFE2FBB-6779-444B-8BCE-30E3AB9F7286}"
EndProject
Project("{FAE04EC0-301F-11D3-BF4B-00C04F79EFBC}") = "proj.Web", "Presentation\proj.Web\proj.Web.csproj", "{283C09C4-E53C-4722-ACE6-DFD54534410A}"
EndProject
Project("{2150E333-8FDC-42A3-9474-1A3956D46DE8}") = "Common", "Common", "{C9BA0759-8E73-4057-A4A2-2D796A47C840}"
EndProject
Project("{FAE04EC0-301F-11D3-BF4B-00C04F79EFBC}") = "proj.Model", "Common\proj.Model\proj.Model.csproj", "{F98CD855-CA04-4FD1-8C5F-EF1F07F756C0}"
EndProject
Project("{2150E333-8FDC-42A3-9474-1A3956D46DE8}") = "Src", "Src", "{BF8E3A3F-0EA9-4887-99F4-3C5E6A51DAD3}"
EndProject
Project("{2150E333-8FDC-42A3-9474-1A3956D46DE8}") = "tbl", "tbl", "{2526AB8F-5D1B-48FA-8635-85B2041138F2}"
EndProject
Project("{FAE04EC0-301F-11D3-BF4B-00C04F79EFBC}") = "Bothh.MicroService.API", "Src\tbl\Bothh.MicroService.API\Bothh.MicroService.API.csproj", "{0C4E0FAA-2970-4431-9794-C312631E3B39}"
EndProject
Project("{FAE04EC0-301F-11D3-BF4B-00C04F79EFBC}") = "City.MicroService.API", "Src\tbl\City.MicroService.API\City.MicroService.API.csproj", "{103DEF17-14CE-4EBB-AA16-4B6AE062CFA8}"
EndProject
Project("{2150E333-8FDC-42A3-9474-1A3956D46DE8}") = "sp", "sp", "{19143EC6-6FC4-4AE1-886C-67CF1771B917}"
EndProject
Project("{FAE04EC0-301F-11D3-BF4B-00C04F79EFBC}") = "Company.MicroService.API", "Src\sp\Company.MicroService.API\Company.MicroService.API.csproj", "{34AF5DB1-42CF-4EF9-9074-A3279AF22EEC}"
EndProject
Global
	GlobalSection(SolutionConfigurationPlatforms) = preSolution
		Debug|Any CPU = Debug|Any CPU
		Release|Any CPU = Release|Any CPU
	EndGlobalSection
	GlobalSection(SolutionProperties) = preSolution
		HideSolutionNode = FALSE
	EndGlobalSection
	GlobalSection(ProjectConfigurationPlatforms) = postSolution
		{8B313B35-8354-4E20-9039-FC1710BE7438}.Debug|Any CPU.ActiveCfg = Debug|Any CPU
		{8B313B35-8354-4E20-9039-FC1710BE7438}.Debug|Any CPU.Build.0 = Debug|Any CPU
		{8B313B35-8354-4E20-9039-FC1710BE7438}.Release|Any CPU.ActiveCfg = Release|Any CPU
		{8B313B35-8354-4E20-9039-FC1710BE7438}.Release|Any CPU.Build.0 = Release|Any CPU
		{283C09C4-E53C-4722-ACE6-DFD54534410A}.Debug|Any CPU.ActiveCfg = Debug|Any CPU
		{283C09C4-E53C-4722-ACE6-DFD54534410A}.Debug|Any CPU.Build.0 = Debug|Any CPU
		{283C09C4-E53C-4722-ACE6-DFD54534410A}.Release|Any CPU.ActiveCfg = Release|Any CPU
		{283C09C4-E53C-4722-ACE6-DFD54534410A}.Release|Any CPU.Build.0 = Release|Any CPU
		{F98CD855-CA04-4FD1-8C5F-EF1F07F756C0}.Debug|Any CPU.ActiveCfg = Debug|Any CPU
		{F98CD855-CA04-4FD1-8C5F-EF1F07F756C0}.Debug|Any CPU.Build.0 = Debug|Any CPU
		{F98CD855-CA04-4FD1-8C5F-EF1F07F756C0}.Release|Any CPU.ActiveCfg = Release|Any CPU
		{F98CD855-CA04-4FD1-8C5F-EF1F07F756C0}.Release|Any CPU.Build.0 = Release|Any CPU
		{0C4E0FAA-2970-4431-9794-C312631E3B39}.Debug|Any CPU.ActiveCfg = Debug|Any CPU
		{0C4E0FAA-2970-4431-9794-C312631E3B39}.Debug|Any CPU.Build.0 = Debug|Any CPU
		{0C4E0FAA-2970-4431-9794-C312631E3B39}.Release|Any CPU.ActiveCfg = Release|Any CPU
		{0C4E0FAA-2970-4431-9794-C312631E3B39}.Release|Any CPU.Build.0 = Release|Any CPU
		{103DEF17-14CE-4EBB-AA16-4B6AE062CFA8}.Debug|Any CPU.ActiveCfg = Debug|Any CPU
		{103DEF17-14CE-4EBB-AA16-4B6AE062CFA8}.Debug|Any CPU.Build.0 = Debug|Any CPU
		{103DEF17-14CE-4EBB-AA16-4B6AE062CFA8}.Release|Any CPU.ActiveCfg = Release|Any CPU
		{103DEF17-14CE-4EBB-AA16-4B6AE062CFA8}.Release|Any CPU.Build.0 = Release|Any CPU
		{34AF5DB1-42CF-4EF9-9074-A3279AF22EEC}.Debug|Any CPU.ActiveCfg = Debug|Any CPU
		{34AF5DB1-42CF-4EF9-9074-A3279AF22EEC}.Debug|Any CPU.Build.0 = Debug|Any CPU
		{34AF5DB1-42CF-4EF9-9074-A3279AF22EEC}.Release|Any CPU.ActiveCfg = Release|Any CPU
		{34AF5DB1-42CF-4EF9-9074-A3279AF22EEC}.Release|Any CPU.Build.0 = Release|Any CPU
	EndGlobalSection
	GlobalSection(NestedProjects) = preSolution
		{8B313B35-8354-4E20-9039-FC1710BE7438} = {BFA7D1DA-3E19-4517-859E-8F3EC7816210}
		{283C09C4-E53C-4722-ACE6-DFD54534410A} = {3FFE2FBB-6779-444B-8BCE-30E3AB9F7286}
		{F98CD855-CA04-4FD1-8C5F-EF1F07F756C0} = {C9BA0759-8E73-4057-A4A2-2D796A47C840}
		{2526AB8F-5D1B-48FA-8635-85B2041138F2} = {BF8E3A3F-0EA9-4887-99F4-3C5E6A51DAD3}
		{0C4E0FAA-2970-4431-9794-C312631E3B39} = {2526AB8F-5D1B-48FA-8635-85B2041138F2}
		{103DEF17-14CE-4EBB-AA16-4B6AE062CFA8} = {2526AB8F-5D1B-48FA-8635-85B2041138F2}
		{19143EC6-6FC4-4AE1-886C-67CF1771B917} = {BF8E3A3F-0EA9-4887-99F4-3C5E6A51DAD3}
		{34AF5DB1-42CF-4EF9-9074-A3279AF22EEC} = {19143EC6-6FC4-4AE1-886C-67CF1771B917}
	EndGlobalSection
EndGlobal
